
Microsoft Visual Studio Solution File, Format Version 12.00
# Visual Studio Version 17
VisualStudioVersion = 17.1.32210.238
MinimumVisualStudioVersion = 10.0.40219.1
Project("{FAE04EC0-301F-11D3-BF4B-00C04F79EFBC}") = "FonetskaAbeceda2", "FonetskaAbeceda2\FonetskaAbeceda2.csproj", "{2D9A1675-6B2E-463D-9D45-97B35C28E02B}"
EndProject
Global
	GlobalSection(SolutionConfigurationPlatforms) = preSolution
		Debug|Any CPU = Debug|Any CPU
		Release|Any CPU = Release|Any CPU
	EndGlobalSection
	GlobalSection(ProjectConfigurationPlatforms) = postSolution
		{2D9A1675-6B2E-463D-9D45-97B35C28E02B}.Debug|Any CPU.ActiveCfg = Debug|Any CPU
		{2D9A1675-6B2E-463D-9D45-97B35C28E02B}.Debug|Any CPU.Build.0 = Debug|Any CPU
		{2D9A1675-6B2E-463D-9D45-97B35C28E02B}.Release|Any CPU.ActiveCfg = Release|Any CPU
		{2D9A1675-6B2E-463D-9D45-97B35C28E02B}.Release|Any CPU.Build.0 = Release|Any CPU
	EndGlobalSection
	GlobalSection(SolutionProperties) = preSolution
		HideSolutionNode = FALSE
	EndGlobalSection
	GlobalSection(ExtensibilityGlobals) = postSolution
		SolutionGuid = {9A1DBD07-7A37-405A-AE90-828A4446049E}
	EndGlobalSection
EndGlobal
